
Microsoft Visual Studio Solution File, Format Version 12.00
# Visual Studio Version 17
VisualStudioVersion = 17.5.002.0
MinimumVisualStudioVersion = 10.0.40219.1
Project("{9A19103F-16F7-4668-BE54-9A1E7A4F7556}") = "GerenciandoTarefas", "GerenciandoTarefas.csproj", "{11A83477-8F02-4455-9834-E94E2BB678EE}"
EndProject
Global
	GlobalSection(SolutionConfigurationPlatforms) = preSolution
		Debug|Any CPU = Debug|Any CPU
		Release|Any CPU = Release|Any CPU
	EndGlobalSection
	GlobalSection(ProjectConfigurationPlatforms) = postSolution
		{11A83477-8F02-4455-9834-E94E2BB678EE}.Debug|Any CPU.ActiveCfg = Debug|Any CPU
		{11A83477-8F02-4455-9834-E94E2BB678EE}.Debug|Any CPU.Build.0 = Debug|Any CPU
		{11A83477-8F02-4455-9834-E94E2BB678EE}.Release|Any CPU.ActiveCfg = Release|Any CPU
		{11A83477-8F02-4455-9834-E94E2BB678EE}.Release|Any CPU.Build.0 = Release|Any CPU
	EndGlobalSection
	GlobalSection(SolutionProperties) = preSolution
		HideSolutionNode = FALSE
	EndGlobalSection
	GlobalSection(ExtensibilityGlobals) = postSolution
		SolutionGuid = {677F59DB-6DC0-467D-8489-3E3892D08515}
	EndGlobalSection
EndGlobal
